
Microsoft Visual Studio Solution File, Format Version 12.00
# Visual Studio Version 17
VisualStudioVersion = 17.11.35327.3
MinimumVisualStudioVersion = 10.0.40219.1
Project("{FAE04EC0-301F-11D3-BF4B-00C04F79EFBC}") = "CSharpEgitimKampi501", "CSharpEgitimKampi501\CSharpEgitimKampi501.csproj", "{F9A4D11B-0A11-4A51-A86D-A84ADF8775A6}"
EndProject
Global
	GlobalSection(SolutionConfigurationPlatforms) = preSolution
		Debug|Any CPU = Debug|Any CPU
		Release|Any CPU = Release|Any CPU
	EndGlobalSection
	GlobalSection(ProjectConfigurationPlatforms) = postSolution
		{F9A4D11B-0A11-4A51-A86D-A84ADF8775A6}.Debug|Any CPU.ActiveCfg = Debug|Any CPU
		{F9A4D11B-0A11-4A51-A86D-A84ADF8775A6}.Debug|Any CPU.Build.0 = Debug|Any CPU
		{F9A4D11B-0A11-4A51-A86D-A84ADF8775A6}.Release|Any CPU.ActiveCfg = Release|Any CPU
		{F9A4D11B-0A11-4A51-A86D-A84ADF8775A6}.Release|Any CPU.Build.0 = Release|Any CPU
	EndGlobalSection
	GlobalSection(SolutionProperties) = preSolution
		HideSolutionNode = FALSE
	EndGlobalSection
	GlobalSection(ExtensibilityGlobals) = postSolution
		SolutionGuid = {97D37CEF-4C81-4011-B7CD-D6D765FBC95F}
	EndGlobalSection
EndGlobal
